// !$*UTF8*$!
{
	archiveVersion = 1;
	classes = {
	};
	objectVersion = 46;
	objects = {

/* Begin PBXBuildFile section */
		3F81163B1A6EA222001CAB49 /* EPImageLabelAccessoryViewCell.m in Sources */ = {isa = PBXBuildFile; fileRef = 3F81163A1A6EA222001CAB49 /* EPImageLabelAccessoryViewCell.m */; };
		3F81163E1A6EB18D001CAB49 /* EPImageLabelActivityCell.m in Sources */ = {isa = PBXBuildFile; fileRef = 3F81163D1A6EB18D001CAB49 /* EPImageLabelActivityCell.m */; };
		3FAED1B01A6D5E3600E18FEA /* main.m in Sources */ = {isa = PBXBuildFile; fileRef = 3FAED1AF1A6D5E3600E18FEA /* main.m */; };
		3FAED1B31A6D5E3600E18FEA /* AppDelegate.m in Sources */ = {isa = PBXBuildFile; fileRef = 3FAED1B21A6D5E3600E18FEA /* AppDelegate.m */; };
		3FAED1BB1A6D5E3600E18FEA /* Images.xcassets in Resources */ = {isa = PBXBuildFile; fileRef = 3FAED1BA1A6D5E3600E18FEA /* Images.xcassets */; };
		3FAED1BE1A6D5E3600E18FEA /* LaunchScreen.xib in Resources */ = {isa = PBXBuildFile; fileRef = 3FAED1BC1A6D5E3600E18FEA /* LaunchScreen.xib */; };
		3FAED1CA1A6D5E3600E18FEA /* CRMStarCellsTests.m in Sources */ = {isa = PBXBuildFile; fileRef = 3FAED1C91A6D5E3600E18FEA /* CRMStarCellsTests.m */; };
		3FAED1D51A6D635300E18FEA /* ImageLabelTableViewController.m in Sources */ = {isa = PBXBuildFile; fileRef = 3FAED1D41A6D635300E18FEA /* ImageLabelTableViewController.m */; };
		3FAED1D81A6D639C00E18FEA /* EPImageLabelCell.m in Sources */ = {isa = PBXBuildFile; fileRef = 3FAED1D71A6D639C00E18FEA /* EPImageLabelCell.m */; };
		3FAED1DE1A6D78EA00E18FEA /* NSString+EP.m in Sources */ = {isa = PBXBuildFile; fileRef = 3FAED1DD1A6D78EA00E18FEA /* NSString+EP.m */; };
		3FAED1E01A6D820D00E18FEA /* clock.png in Resources */ = {isa = PBXBuildFile; fileRef = 3FAED1DF1A6D820D00E18FEA /* clock.png */; };
		3FAED1E61A6D85FD00E18FEA /* EPTitleTextImageCell.m in Sources */ = {isa = PBXBuildFile; fileRef = 3FAED1E51A6D85FD00E18FEA /* EPTitleTextImageCell.m */; };
		3FAED1E81A6DA4E500E18FEA /* sampleContentImage.jpeg in Resources */ = {isa = PBXBuildFile; fileRef = 3FAED1E71A6DA4E500E18FEA /* sampleContentImage.jpeg */; };
		3FB9858C1A6EEE9B0078CB86 /* EPImageLabelActivityImageCell.m in Sources */ = {isa = PBXBuildFile; fileRef = 3FB9858B1A6EEE9B0078CB86 /* EPImageLabelActivityImageCell.m */; };
		3FB9858F1A6EF1600078CB86 /* EPImageLabelActivityLabelCell.m in Sources */ = {isa = PBXBuildFile; fileRef = 3FB9858E1A6EF1600078CB86 /* EPImageLabelActivityLabelCell.m */; };
/* End PBXBuildFile section */

/* Begin PBXContainerItemProxy section */
		3FAED1C41A6D5E3600E18FEA /* PBXContainerItemProxy */ = {
			isa = PBXContainerItemProxy;
			containerPortal = 3FAED1A21A6D5E3600E18FEA /* Project object */;
			proxyType = 1;
			remoteGlobalIDString = 3FAED1A91A6D5E3600E18FEA;
			remoteInfo = CRMStarCells;
		};
/* End PBXContainerItemProxy section */

/* Begin PBXFileReference section */
		3F8116391A6EA222001CAB49 /* EPImageLabelAccessoryViewCell.h */ = {isa = PBXFileReference; fileEncoding = 4; lastKnownFileType = sourcecode.c.h; path = EPImageLabelAccessoryViewCell.h; sourceTree = "<group>"; };
		3F81163A1A6EA222001CAB49 /* EPImageLabelAccessoryViewCell.m */ = {isa = PBXFileReference; fileEncoding = 4; lastKnownFileType = sourcecode.c.objc; path = EPImageLabelAccessoryViewCell.m; sourceTree = "<group>"; };
		3F81163C1A6EB18D001CAB49 /* EPImageLabelActivityCell.h */ = {isa = PBXFileReference; fileEncoding = 4; lastKnownFileType = sourcecode.c.h; path = EPImageLabelActivityCell.h; sourceTree = "<group>"; };
		3F81163D1A6EB18D001CAB49 /* EPImageLabelActivityCell.m */ = {isa = PBXFileReference; fileEncoding = 4; lastKnownFileType = sourcecode.c.objc; path = EPImageLabelActivityCell.m; sourceTree = "<group>"; };
		3FAED1AA1A6D5E3600E18FEA /* CRMStarCells.app */ = {isa = PBXFileReference; explicitFileType = wrapper.application; includeInIndex = 0; path = CRMStarCells.app; sourceTree = BUILT_PRODUCTS_DIR; };
		3FAED1AE1A6D5E3600E18FEA /* Info.plist */ = {isa = PBXFileReference; lastKnownFileType = text.plist.xml; path = Info.plist; sourceTree = "<group>"; };
		3FAED1AF1A6D5E3600E18FEA /* main.m */ = {isa = PBXFileReference; lastKnownFileType = sourcecode.c.objc; path = main.m; sourceTree = "<group>"; };
		3FAED1B11A6D5E3600E18FEA /* AppDelegate.h */ = {isa = PBXFileReference; lastKnownFileType = sourcecode.c.h; path = AppDelegate.h; sourceTree = "<group>"; };
		3FAED1B21A6D5E3600E18FEA /* AppDelegate.m */ = {isa = PBXFileReference; lastKnownFileType = sourcecode.c.objc; path = AppDelegate.m; sourceTree = "<group>"; };
		3FAED1BA1A6D5E3600E18FEA /* Images.xcassets */ = {isa = PBXFileReference; lastKnownFileType = folder.assetcatalog; path = Images.xcassets; sourceTree = "<group>"; };
		3FAED1BD1A6D5E3600E18FEA /* Base */ = {isa = PBXFileReference; lastKnownFileType = file.xib; name = Base; path = Base.lproj/LaunchScreen.xib; sourceTree = "<group>"; };
		3FAED1C31A6D5E3600E18FEA /* CRMStarCellsTests.xctest */ = {isa = PBXFileReference; explicitFileType = wrapper.cfbundle; includeInIndex = 0; path = CRMStarCellsTests.xctest; sourceTree = BUILT_PRODUCTS_DIR; };
		3FAED1C81A6D5E3600E18FEA /* Info.plist */ = {isa = PBXFileReference; lastKnownFileType = text.plist.xml; path = Info.plist; sourceTree = "<group>"; };
		3FAED1C91A6D5E3600E18FEA /* CRMStarCellsTests.m */ = {isa = PBXFileReference; lastKnownFileType = sourcecode.c.objc; path = CRMStarCellsTests.m; sourceTree = "<group>"; };
		3FAED1D31A6D635300E18FEA /* ImageLabelTableViewController.h */ = {isa = PBXFileReference; fileEncoding = 4; lastKnownFileType = sourcecode.c.h; path = ImageLabelTableViewController.h; sourceTree = "<group>"; };
		3FAED1D41A6D635300E18FEA /* ImageLabelTableViewController.m */ = {isa = PBXFileReference; fileEncoding = 4; lastKnownFileType = sourcecode.c.objc; path = ImageLabelTableViewController.m; sourceTree = "<group>"; };
		3FAED1D61A6D639C00E18FEA /* EPImageLabelCell.h */ = {isa = PBXFileReference; fileEncoding = 4; lastKnownFileType = sourcecode.c.h; path = EPImageLabelCell.h; sourceTree = "<group>"; };
		3FAED1D71A6D639C00E18FEA /* EPImageLabelCell.m */ = {isa = PBXFileReference; fileEncoding = 4; lastKnownFileType = sourcecode.c.objc; path = EPImageLabelCell.m; sourceTree = "<group>"; };
		3FAED1DC1A6D78EA00E18FEA /* NSString+EP.h */ = {isa = PBXFileReference; fileEncoding = 4; lastKnownFileType = sourcecode.c.h; path = "NSString+EP.h"; sourceTree = "<group>"; };
		3FAED1DD1A6D78EA00E18FEA /* NSString+EP.m */ = {isa = PBXFileReference; fileEncoding = 4; lastKnownFileType = sourcecode.c.objc; path = "NSString+EP.m"; sourceTree = "<group>"; };
		3FAED1DF1A6D820D00E18FEA /* clock.png */ = {isa = PBXFileReference; lastKnownFileType = image.png; path = clock.png; sourceTree = "<group>"; };
		3FAED1E41A6D85FD00E18FEA /* EPTitleTextImageCell.h */ = {isa = PBXFileReference; fileEncoding = 4; lastKnownFileType = sourcecode.c.h; path = EPTitleTextImageCell.h; sourceTree = "<group>"; };
		3FAED1E51A6D85FD00E18FEA /* EPTitleTextImageCell.m */ = {isa = PBXFileReference; fileEncoding = 4; lastKnownFileType = sourcecode.c.objc; path = EPTitleTextImageCell.m; sourceTree = "<group>"; };
		3FAED1E71A6DA4E500E18FEA /* sampleContentImage.jpeg */ = {isa = PBXFileReference; lastKnownFileType = image.jpeg; path = sampleContentImage.jpeg; sourceTree = "<group>"; };
		3FB9858A1A6EEE9B0078CB86 /* EPImageLabelActivityImageCell.h */ = {isa = PBXFileReference; fileEncoding = 4; lastKnownFileType = sourcecode.c.h; path = EPImageLabelActivityImageCell.h; sourceTree = "<group>"; };
		3FB9858B1A6EEE9B0078CB86 /* EPImageLabelActivityImageCell.m */ = {isa = PBXFileReference; fileEncoding = 4; lastKnownFileType = sourcecode.c.objc; path = EPImageLabelActivityImageCell.m; sourceTree = "<group>"; };
		3FB9858D1A6EF1600078CB86 /* EPImageLabelActivityLabelCell.h */ = {isa = PBXFileReference; fileEncoding = 4; lastKnownFileType = sourcecode.c.h; path = EPImageLabelActivityLabelCell.h; sourceTree = "<group>"; };
		3FB9858E1A6EF1600078CB86 /* EPImageLabelActivityLabelCell.m */ = {isa = PBXFileReference; fileEncoding = 4; lastKnownFileType = sourcecode.c.objc; path = EPImageLabelActivityLabelCell.m; sourceTree = "<group>"; };
/* End PBXFileReference section */

/* Begin PBXFrameworksBuildPhase section */
		3FAED1A71A6D5E3600E18FEA /* Frameworks */ = {
			isa = PBXFrameworksBuildPhase;
			buildActionMask = 2147483647;
			files = (
			);
			runOnlyForDeploymentPostprocessing = 0;
		};
		3FAED1C01A6D5E3600E18FEA /* Frameworks */ = {
			isa = PBXFrameworksBuildPhase;
			buildActionMask = 2147483647;
			files = (
			);
			runOnlyForDeploymentPostprocessing = 0;
		};
/* End PBXFrameworksBuildPhase section */

/* Begin PBXGroup section */
		3FAED1A11A6D5E3600E18FEA = {
			isa = PBXGroup;
			children = (
				3FAED1AC1A6D5E3600E18FEA /* CRMStarCells */,
				3FAED1C61A6D5E3600E18FEA /* CRMStarCellsTests */,
				3FAED1AB1A6D5E3600E18FEA /* Products */,
			);
			sourceTree = "<group>";
		};
		3FAED1AB1A6D5E3600E18FEA /* Products */ = {
			isa = PBXGroup;
			children = (
				3FAED1AA1A6D5E3600E18FEA /* CRMStarCells.app */,
				3FAED1C31A6D5E3600E18FEA /* CRMStarCellsTests.xctest */,
			);
			name = Products;
			sourceTree = "<group>";
		};
		3FAED1AC1A6D5E3600E18FEA /* CRMStarCells */ = {
			isa = PBXGroup;
			children = (
				3FAED1B11A6D5E3600E18FEA /* AppDelegate.h */,
				3FAED1B21A6D5E3600E18FEA /* AppDelegate.m */,
				3FAED1D31A6D635300E18FEA /* ImageLabelTableViewController.h */,
				3FAED1D41A6D635300E18FEA /* ImageLabelTableViewController.m */,
				3FAED1D61A6D639C00E18FEA /* EPImageLabelCell.h */,
				3FAED1D71A6D639C00E18FEA /* EPImageLabelCell.m */,
				3F8116391A6EA222001CAB49 /* EPImageLabelAccessoryViewCell.h */,
				3F81163A1A6EA222001CAB49 /* EPImageLabelAccessoryViewCell.m */,
				3F81163C1A6EB18D001CAB49 /* EPImageLabelActivityCell.h */,
				3F81163D1A6EB18D001CAB49 /* EPImageLabelActivityCell.m */,
				3FB9858A1A6EEE9B0078CB86 /* EPImageLabelActivityImageCell.h */,
				3FB9858B1A6EEE9B0078CB86 /* EPImageLabelActivityImageCell.m */,
				3FB9858D1A6EF1600078CB86 /* EPImageLabelActivityLabelCell.h */,
				3FB9858E1A6EF1600078CB86 /* EPImageLabelActivityLabelCell.m */,
				3FAED1E41A6D85FD00E18FEA /* EPTitleTextImageCell.h */,
				3FAED1E51A6D85FD00E18FEA /* EPTitleTextImageCell.m */,
				3FAED1DC1A6D78EA00E18FEA /* NSString+EP.h */,
				3FAED1DD1A6D78EA00E18FEA /* NSString+EP.m */,
				3FAED1BA1A6D5E3600E18FEA /* Images.xcassets */,
				3FAED1BC1A6D5E3600E18FEA /* LaunchScreen.xib */,
				3FAED1DF1A6D820D00E18FEA /* clock.png */,
				3FAED1E71A6DA4E500E18FEA /* sampleContentImage.jpeg */,
				3FAED1AD1A6D5E3600E18FEA /* Supporting Files */,
			);
			path = CRMStarCells;
			sourceTree = "<group>";
		};
		3FAED1AD1A6D5E3600E18FEA /* Supporting Files */ = {
			isa = PBXGroup;
			children = (
				3FAED1AE1A6D5E3600E18FEA /* Info.plist */,
				3FAED1AF1A6D5E3600E18FEA /* main.m */,
			);
			name = "Supporting Files";
			sourceTree = "<group>";
		};
		3FAED1C61A6D5E3600E18FEA /* CRMStarCellsTests */ = {
			isa = PBXGroup;
			children = (
				3FAED1C91A6D5E3600E18FEA /* CRMStarCellsTests.m */,
				3FAED1C71A6D5E3600E18FEA /* Supporting Files */,
			);
			path = CRMStarCellsTests;
			sourceTree = "<group>";
		};
		3FAED1C71A6D5E3600E18FEA /* Supporting Files */ = {
			isa = PBXGroup;
			children = (
				3FAED1C81A6D5E3600E18FEA /* Info.plist */,
			);
			name = "Supporting Files";
			sourceTree = "<group>";
		};
/* End PBXGroup section */

/* Begin PBXNativeTarget section */
		3FAED1A91A6D5E3600E18FEA /* CRMStarCells */ = {
			isa = PBXNativeTarget;
			buildConfigurationList = 3FAED1CD1A6D5E3600E18FEA /* Build configuration list for PBXNativeTarget "CRMStarCells" */;
			buildPhases = (
				3FAED1A61A6D5E3600E18FEA /* Sources */,
				3FAED1A71A6D5E3600E18FEA /* Frameworks */,
				3FAED1A81A6D5E3600E18FEA /* Resources */,
			);
			buildRules = (
			);
			dependencies = (
			);
			name = CRMStarCells;
			productName = CRMStarCells;
			productReference = 3FAED1AA1A6D5E3600E18FEA /* CRMStarCells.app */;
			productType = "com.apple.product-type.application";
		};
		3FAED1C21A6D5E3600E18FEA /* CRMStarCellsTests */ = {
			isa = PBXNativeTarget;
			buildConfigurationList = 3FAED1D01A6D5E3600E18FEA /* Build configuration list for PBXNativeTarget "CRMStarCellsTests" */;
			buildPhases = (
				3FAED1BF1A6D5E3600E18FEA /* Sources */,
				3FAED1C01A6D5E3600E18FEA /* Frameworks */,
				3FAED1C11A6D5E3600E18FEA /* Resources */,
			);
			buildRules = (
			);
			dependencies = (
				3FAED1C51A6D5E3600E18FEA /* PBXTargetDependency */,
			);
			name = CRMStarCellsTests;
			productName = CRMStarCellsTests;
			productReference = 3FAED1C31A6D5E3600E18FEA /* CRMStarCellsTests.xctest */;
			productType = "com.apple.product-type.bundle.unit-test";
		};
/* End PBXNativeTarget section */

/* Begin PBXProject section */
		3FAED1A21A6D5E3600E18FEA /* Project object */ = {
			isa = PBXProject;
			attributes = {
				LastUpgradeCheck = 0610;
				ORGANIZATIONNAME = Enhatch;
				TargetAttributes = {
					3FAED1A91A6D5E3600E18FEA = {
						CreatedOnToolsVersion = 6.1.1;
					};
					3FAED1C21A6D5E3600E18FEA = {
						CreatedOnToolsVersion = 6.1.1;
						TestTargetID = 3FAED1A91A6D5E3600E18FEA;
					};
				};
			};
			buildConfigurationList = 3FAED1A51A6D5E3600E18FEA /* Build configuration list for PBXProject "CRMStarCells" */;
			compatibilityVersion = "Xcode 3.2";
			developmentRegion = English;
			hasScannedForEncodings = 0;
			knownRegions = (
				en,
				Base,
			);
			mainGroup = 3FAED1A11A6D5E3600E18FEA;
			productRefGroup = 3FAED1AB1A6D5E3600E18FEA /* Products */;
			projectDirPath = "";
			projectRoot = "";
			targets = (
				3FAED1A91A6D5E3600E18FEA /* CRMStarCells */,
				3FAED1C21A6D5E3600E18FEA /* CRMStarCellsTests */,
			);
		};
/* End PBXProject section */

/* Begin PBXResourcesBuildPhase section */
		3FAED1A81A6D5E3600E18FEA /* Resources */ = {
			isa = PBXResourcesBuildPhase;
			buildActionMask = 2147483647;
			files = (
				3FAED1E01A6D820D00E18FEA /* clock.png in Resources */,
				3FAED1BE1A6D5E3600E18FEA /* LaunchScreen.xib in Resources */,
				3FAED1BB1A6D5E3600E18FEA /* Images.xcassets in Resources */,
				3FAED1E81A6DA4E500E18FEA /* sampleContentImage.jpeg in Resources */,
			);
			runOnlyForDeploymentPostprocessing = 0;
		};
		3FAED1C11A6D5E3600E18FEA /* Resources */ = {
			isa = PBXResourcesBuildPhase;
			buildActionMask = 2147483647;
			files = (
			);
			runOnlyForDeploymentPostprocessing = 0;
		};
/* End PBXResourcesBuildPhase section */

/* Begin PBXSourcesBuildPhase section */
		3FAED1A61A6D5E3600E18FEA /* Sources */ = {
			isa = PBXSourcesBuildPhase;
			buildActionMask = 2147483647;
			files = (
				3F81163B1A6EA222001CAB49 /* EPImageLabelAccessoryViewCell.m in Sources */,
				3FAED1E61A6D85FD00E18FEA /* EPTitleTextImageCell.m in Sources */,
				3F81163E1A6EB18D001CAB49 /* EPImageLabelActivityCell.m in Sources */,
				3FB9858F1A6EF1600078CB86 /* EPImageLabelActivityLabelCell.m in Sources */,
				3FAED1B31A6D5E3600E18FEA /* AppDelegate.m in Sources */,
				3FAED1D81A6D639C00E18FEA /* EPImageLabelCell.m in Sources */,
				3FB9858C1A6EEE9B0078CB86 /* EPImageLabelActivityImageCell.m in Sources */,
				3FAED1D51A6D635300E18FEA /* ImageLabelTableViewController.m in Sources */,
				3FAED1DE1A6D78EA00E18FEA /* NSString+EP.m in Sources */,
				3FAED1B01A6D5E3600E18FEA /* main.m in Sources */,
			);
			runOnlyForDeploymentPostprocessing = 0;
		};
		3FAED1BF1A6D5E3600E18FEA /* Sources */ = {
			isa = PBXSourcesBuildPhase;
			buildActionMask = 2147483647;
			files = (
				3FAED1CA1A6D5E3600E18FEA /* CRMStarCellsTests.m in Sources */,
			);
			runOnlyForDeploymentPostprocessing = 0;
		};
/* End PBXSourcesBuildPhase section */

/* Begin PBXTargetDependency section */
		3FAED1C51A6D5E3600E18FEA /* PBXTargetDependency */ = {
			isa = PBXTargetDependency;
			target = 3FAED1A91A6D5E3600E18FEA /* CRMStarCells */;
			targetProxy = 3FAED1C41A6D5E3600E18FEA /* PBXContainerItemProxy */;
		};
/* End PBXTargetDependency section */

/* Begin PBXVariantGroup section */
		3FAED1BC1A6D5E3600E18FEA /* LaunchScreen.xib */ = {
			isa = PBXVariantGroup;
			children = (
				3FAED1BD1A6D5E3600E18FEA /* Base */,
			);
			name = LaunchScreen.xib;
			sourceTree = "<group>";
		};
/* End PBXVariantGroup section */

/* Begin XCBuildConfiguration section */
		3FAED1CB1A6D5E3600E18FEA /* Debug */ = {
			isa = XCBuildConfiguration;
			buildSettings = {
				ALWAYS_SEARCH_USER_PATHS = NO;
				CLANG_CXX_LANGUAGE_STANDARD = "gnu++0x";
				CLANG_CXX_LIBRARY = "libc++";
				CLANG_ENABLE_MODULES = YES;
				CLANG_ENABLE_OBJC_ARC = YES;
				CLANG_WARN_BOOL_CONVERSION = YES;
				CLANG_WARN_CONSTANT_CONVERSION = YES;
				CLANG_WARN_DIRECT_OBJC_ISA_USAGE = YES_ERROR;
				CLANG_WARN_EMPTY_BODY = YES;
				CLANG_WARN_ENUM_CONVERSION = YES;
				CLANG_WARN_INT_CONVERSION = YES;
				CLANG_WARN_OBJC_ROOT_CLASS = YES_ERROR;
				CLANG_WARN_UNREACHABLE_CODE = YES;
				CLANG_WARN__DUPLICATE_METHOD_MATCH = YES;
				"CODE_SIGN_IDENTITY[sdk=iphoneos*]" = "iPhone Developer";
				COPY_PHASE_STRIP = NO;
				ENABLE_STRICT_OBJC_MSGSEND = YES;
				GCC_C_LANGUAGE_STANDARD = gnu99;
				GCC_DYNAMIC_NO_PIC = NO;
				GCC_OPTIMIZATION_LEVEL = 0;
				GCC_PREPROCESSOR_DEFINITIONS = (
					"DEBUG=1",
					"$(inherited)",
				);
				GCC_SYMBOLS_PRIVATE_EXTERN = NO;
				GCC_WARN_64_TO_32_BIT_CONVERSION = YES;
				GCC_WARN_ABOUT_RETURN_TYPE = YES_ERROR;
				GCC_WARN_UNDECLARED_SELECTOR = YES;
				GCC_WARN_UNINITIALIZED_AUTOS = YES_AGGRESSIVE;
				GCC_WARN_UNUSED_FUNCTION = YES;
				GCC_WARN_UNUSED_VARIABLE = YES;
				IPHONEOS_DEPLOYMENT_TARGET = 8.1;
				MTL_ENABLE_DEBUG_INFO = YES;
				ONLY_ACTIVE_ARCH = YES;
				SDKROOT = iphoneos;
			};
			name = Debug;
		};
		3FAED1CC1A6D5E3600E18FEA /* Release */ = {
			isa = XCBuildConfiguration;
			buildSettings = {
				ALWAYS_SEARCH_USER_PATHS = NO;
				CLANG_CXX_LANGUAGE_STANDARD = "gnu++0x";
				CLANG_CXX_LIBRARY = "libc++";
				CLANG_ENABLE_MODULES = YES;
				CLANG_ENABLE_OBJC_ARC = YES;
				CLANG_WARN_BOOL_CONVERSION = YES;
				CLANG_WARN_CONSTANT_CONVERSION = YES;
				CLANG_WARN_DIRECT_OBJC_ISA_USAGE = YES_ERROR;
				CLANG_WARN_EMPTY_BODY = YES;
				CLANG_WARN_ENUM_CONVERSION = YES;
				CLANG_WARN_INT_CONVERSION = YES;
				CLANG_WARN_OBJC_ROOT_CLASS = YES_ERROR;
				CLANG_WARN_UNREACHABLE_CODE = YES;
				CLANG_WARN__DUPLICATE_METHOD_MATCH = YES;
				"CODE_SIGN_IDENTITY[sdk=iphoneos*]" = "iPhone Developer";
				COPY_PHASE_STRIP = YES;
				ENABLE_NS_ASSERTIONS = NO;
				ENABLE_STRICT_OBJC_MSGSEND = YES;
				GCC_C_LANGUAGE_STANDARD = gnu99;
				GCC_WARN_64_TO_32_BIT_CONVERSION = YES;
				GCC_WARN_ABOUT_RETURN_TYPE = YES_ERROR;
				GCC_WARN_UNDECLARED_SELECTOR = YES;
				GCC_WARN_UNINITIALIZED_AUTOS = YES_AGGRESSIVE;
				GCC_WARN_UNUSED_FUNCTION = YES;
				GCC_WARN_UNUSED_VARIABLE = YES;
				IPHONEOS_DEPLOYMENT_TARGET = 8.1;
				MTL_ENABLE_DEBUG_INFO = NO;
				SDKROOT = iphoneos;
				VALIDATE_PRODUCT = YES;
			};
			name = Release;
		};
		3FAED1CE1A6D5E3600E18FEA /* Debug */ = {
			isa = XCBuildConfiguration;
			buildSettings = {
				ASSETCATALOG_COMPILER_APPICON_NAME = AppIcon;
				INFOPLIST_FILE = CRMStarCells/Info.plist;
				LD_RUNPATH_SEARCH_PATHS = "$(inherited) @executable_path/Frameworks";
				PRODUCT_NAME = "$(TARGET_NAME)";
			};
			name = Debug;
		};
		3FAED1CF1A6D5E3600E18FEA /* Release */ = {
			isa = XCBuildConfiguration;
			buildSettings = {
				ASSETCATALOG_COMPILER_APPICON_NAME = AppIcon;
				INFOPLIST_FILE = CRMStarCells/Info.plist;
				LD_RUNPATH_SEARCH_PATHS = "$(inherited) @executable_path/Frameworks";
				PRODUCT_NAME = "$(TARGET_NAME)";
			};
			name = Release;
		};
		3FAED1D11A6D5E3600E18FEA /* Debug */ = {
			isa = XCBuildConfiguration;
			buildSettings = {
				BUNDLE_LOADER = "$(TEST_HOST)";
				FRAMEWORK_SEARCH_PATHS = (
					"$(SDKROOT)/Developer/Library/Frameworks",
					"$(inherited)",
				);
				GCC_PREPROCESSOR_DEFINITIONS = (
					"DEBUG=1",
					"$(inherited)",
				);
				INFOPLIST_FILE = CRMStarCellsTests/Info.plist;
				LD_RUNPATH_SEARCH_PATHS = "$(inherited) @executable_path/Frameworks @loader_path/Frameworks";
				PRODUCT_NAME = "$(TARGET_NAME)";
				TEST_HOST = "$(BUILT_PRODUCTS_DIR)/CRMStarCells.app/CRMStarCells";
			};
			name = Debug;
		};
		3FAED1D21A6D5E3600E18FEA /* Release */ = {
			isa = XCBuildConfiguration;
			buildSettings = {
				BUNDLE_LOADER = "$(TEST_HOST)";
				FRAMEWORK_SEARCH_PATHS = (
					"$(SDKROOT)/Developer/Library/Frameworks",
					"$(inherited)",
				);
				INFOPLIST_FILE = CRMStarCellsTests/Info.plist;
				LD_RUNPATH_SEARCH_PATHS = "$(inherited) @executable_path/Frameworks @loader_path/Frameworks";
				PRODUCT_NAME = "$(TARGET_NAME)";
				TEST_HOST = "$(BUILT_PRODUCTS_DIR)/CRMStarCells.app/CRMStarCells";
			};
			name = Release;
		};
/* End XCBuildConfiguration section */

/* Begin XCConfigurationList section */
		3FAED1A51A6D5E3600E18FEA /* Build configuration list for PBXProject "CRMStarCells" */ = {
			isa = XCConfigurationList;
			buildConfigurations = (
				3FAED1CB1A6D5E3600E18FEA /* Debug */,
				3FAED1CC1A6D5E3600E18FEA /* Release */,
			);
			defaultConfigurationIsVisible = 0;
			defaultConfigurationName = Release;
		};
		3FAED1CD1A6D5E3600E18FEA /* Build configuration list for PBXNativeTarget "CRMStarCells" */ = {
			isa = XCConfigurationList;
			buildConfigurations = (
				3FAED1CE1A6D5E3600E18FEA /* Debug */,
				3FAED1CF1A6D5E3600E18FEA /* Release */,
			);
			defaultConfigurationIsVisible = 0;
			defaultConfigurationName = Release;
		};
		3FAED1D01A6D5E3600E18FEA /* Build configuration list for PBXNativeTarget "CRMStarCellsTests" */ = {
			isa = XCConfigurationList;
			buildConfigurations = (
				3FAED1D11A6D5E3600E18FEA /* Debug */,
				3FAED1D21A6D5E3600E18FEA /* Release */,
			);
			defaultConfigurationIsVisible = 0;
			defaultConfigurationName = Release;
		};
/* End XCConfigurationList section */
	};
	rootObject = 3FAED1A21A6D5E3600E18FEA /* Project object */;
}
